
Microsoft Visual Studio Solution File, Format Version 12.00
# Visual Studio Version 17
VisualStudioVersion = 17.9.34607.119
MinimumVisualStudioVersion = 10.0.40219.1
Project("{9A19103F-16F7-4668-BE54-9A1E7A4F7556}") = "IJHM.Temperatura", "IJHM\IJHM.Temperatura.csproj", "{55382D2C-61D0-448D-B376-D111747633BD}"
EndProject
Project("{9A19103F-16F7-4668-BE54-9A1E7A4F7556}") = "IJHM.Temperatura.UnitTestMSTest", "IJHM.Temperatura.UnitTestMSTest\IJHM.Temperatura.UnitTestMSTest.csproj", "{B31D5C9F-ED98-42F5-B646-6E88510C7023}"
EndProject
Project("{FAE04EC0-301F-11D3-BF4B-00C04F79EFBC}") = "IJHM.StringManipulator", "IJHM.StringManipulator\IJHM.StringManipulator.csproj", "{5EEB7BF1-03F1-4415-B221-AE51CFC2D92B}"
EndProject
Project("{FAE04EC0-301F-11D3-BF4B-00C04F79EFBC}") = "IJHM.StringManipulator.AppXUnit", "IJHM.StringManipulator.AppXUnit\IJHM.StringManipulator.AppXUnit.csproj", "{70D4E036-62F1-4C1D-8019-9E049DE1CEBE}"
EndProject
Global
	GlobalSection(SolutionConfigurationPlatforms) = preSolution
		Debug|Any CPU = Debug|Any CPU
		Release|Any CPU = Release|Any CPU
	EndGlobalSection
	GlobalSection(ProjectConfigurationPlatforms) = postSolution
		{55382D2C-61D0-448D-B376-D111747633BD}.Debug|Any CPU.ActiveCfg = Debug|Any CPU
		{55382D2C-61D0-448D-B376-D111747633BD}.Debug|Any CPU.Build.0 = Debug|Any CPU
		{55382D2C-61D0-448D-B376-D111747633BD}.Release|Any CPU.ActiveCfg = Release|Any CPU
		{55382D2C-61D0-448D-B376-D111747633BD}.Release|Any CPU.Build.0 = Release|Any CPU
		{B31D5C9F-ED98-42F5-B646-6E88510C7023}.Debug|Any CPU.ActiveCfg = Debug|Any CPU
		{B31D5C9F-ED98-42F5-B646-6E88510C7023}.Debug|Any CPU.Build.0 = Debug|Any CPU
		{B31D5C9F-ED98-42F5-B646-6E88510C7023}.Release|Any CPU.ActiveCfg = Release|Any CPU
		{B31D5C9F-ED98-42F5-B646-6E88510C7023}.Release|Any CPU.Build.0 = Release|Any CPU
		{5EEB7BF1-03F1-4415-B221-AE51CFC2D92B}.Debug|Any CPU.ActiveCfg = Debug|Any CPU
		{5EEB7BF1-03F1-4415-B221-AE51CFC2D92B}.Debug|Any CPU.Build.0 = Debug|Any CPU
		{5EEB7BF1-03F1-4415-B221-AE51CFC2D92B}.Release|Any CPU.ActiveCfg = Release|Any CPU
		{5EEB7BF1-03F1-4415-B221-AE51CFC2D92B}.Release|Any CPU.Build.0 = Release|Any CPU
		{70D4E036-62F1-4C1D-8019-9E049DE1CEBE}.Debug|Any CPU.ActiveCfg = Debug|Any CPU
		{70D4E036-62F1-4C1D-8019-9E049DE1CEBE}.Debug|Any CPU.Build.0 = Debug|Any CPU
		{70D4E036-62F1-4C1D-8019-9E049DE1CEBE}.Release|Any CPU.ActiveCfg = Release|Any CPU
		{70D4E036-62F1-4C1D-8019-9E049DE1CEBE}.Release|Any CPU.Build.0 = Release|Any CPU
	EndGlobalSection
	GlobalSection(SolutionProperties) = preSolution
		HideSolutionNode = FALSE
	EndGlobalSection
	GlobalSection(ExtensibilityGlobals) = postSolution
		SolutionGuid = {D5084CF3-A2E8-4B39-B84D-72CC03AD73FA}
	EndGlobalSection
EndGlobal
